
Microsoft Visual Studio Solution File, Format Version 11.00
# Visual Studio 2010
Project("{FAE04EC0-301F-11D3-BF4B-00C04F79EFBC}") = "Assembly-CSharp", "Assembly-CSharp.csproj", "{970b5706-7207-f00f-be7c-6bd02c18a982}"
EndProject
Project("{FAE04EC0-301F-11D3-BF4B-00C04F79EFBC}") = "Assembly-CSharp-Editor", "Assembly-CSharp-Editor.csproj", "{b45703c0-85df-bcb4-7cb6-da51a8350998}"
EndProject
Global
	GlobalSection(SolutionConfigurationPlatforms) = preSolution
		Debug|Any CPU = Debug|Any CPU
	EndGlobalSection
	GlobalSection(ProjectConfigurationPlatforms) = postSolution
		{970b5706-7207-f00f-be7c-6bd02c18a982}.Debug|Any CPU.ActiveCfg = Debug|Any CPU
		{970b5706-7207-f00f-be7c-6bd02c18a982}.Debug|Any CPU.Build.0 = Debug|Any CPU
		{b45703c0-85df-bcb4-7cb6-da51a8350998}.Debug|Any CPU.ActiveCfg = Debug|Any CPU
		{b45703c0-85df-bcb4-7cb6-da51a8350998}.Debug|Any CPU.Build.0 = Debug|Any CPU
	EndGlobalSection
	GlobalSection(SolutionProperties) = preSolution
		HideSolutionNode = FALSE
	EndGlobalSection
EndGlobal
